
Microsoft Visual Studio Solution File, Format Version 12.00
# Visual Studio Version 17
VisualStudioVersion = 17.3.32819.101
MinimumVisualStudioVersion = 10.0.40219.1
Project("{FAE04EC0-301F-11D3-BF4B-00C04F79EFBC}") = "IntroduccionCSharpPPA2", "IntroduccionCSharpPPA2.csproj", "{59881B13-F6DB-4D8D-8C03-F22A2B87D74F}"
EndProject
Project("{2150E333-8FDC-42A3-9474-1A3956D46DE8}") = "Elementos de la solución", "Elementos de la solución", "{06DEFDFD-F92B-4576-A57B-F76F0003D6F4}"
EndProject
Global
	GlobalSection(SolutionConfigurationPlatforms) = preSolution
		Debug|Any CPU = Debug|Any CPU
		Release|Any CPU = Release|Any CPU
	EndGlobalSection
	GlobalSection(ProjectConfigurationPlatforms) = postSolution
		{59881B13-F6DB-4D8D-8C03-F22A2B87D74F}.Debug|Any CPU.ActiveCfg = Debug|Any CPU
		{59881B13-F6DB-4D8D-8C03-F22A2B87D74F}.Debug|Any CPU.Build.0 = Debug|Any CPU
		{59881B13-F6DB-4D8D-8C03-F22A2B87D74F}.Release|Any CPU.ActiveCfg = Release|Any CPU
		{59881B13-F6DB-4D8D-8C03-F22A2B87D74F}.Release|Any CPU.Build.0 = Release|Any CPU
	EndGlobalSection
	GlobalSection(SolutionProperties) = preSolution
		HideSolutionNode = FALSE
	EndGlobalSection
	GlobalSection(ExtensibilityGlobals) = postSolution
		SolutionGuid = {FD654540-B421-4D0B-875F-06E66BD1FE15}
	EndGlobalSection
EndGlobal
